PODS:
  - DJI-SDK-iOS (4.4)
  - DJI-UILibrary-iOS (4.4)

DEPENDENCIES:
  - DJI-SDK-iOS (~> 4.4)
  - DJI-UILibrary-iOS (~> 4.4)

SPEC CHECKSUMS:
  DJI-SDK-iOS: d44ef9eea43531daa082a3de2630b019f277c066
  DJI-UILibrary-iOS: a58b8dbb1734b9e2c5373817343b1bedb3a4b74b

PODFILE CHECKSUM: 2c72503bde3039c43b8777ebb3eede963051f62a

COCOAPODS: 1.4.0
