// !$*UTF8*$!
{
	archiveVersion = 1;
	classes = {
	};
	objectVersion = 48;
	objects = {

/* Begin PBXBuildFile section */
		801BA0D1C1D54920256026DC /* libPods-AirQualityDrone.a in Frameworks */ = {isa = PBXBuildFile; fileRef = 7C5E745A84E5D15984C20C80 /* libPods-AirQualityDrone.a */; };
		B91F0BDD20590D8500072529 /* Info.plist in Resources */ = {isa = PBXBuildFile; fileRef = B91F0ACA2056897B00072529 /* Info.plist */; };
		B91F0BF02059175E00072529 /* VideoPreviewer.framework in Frameworks */ = {isa = PBXBuildFile; fileRef = B91F0BEF2059175100072529 /* VideoPreviewer.framework */; };
		B91F0BF12059175E00072529 /* VideoPreviewer.framework in Embed Frameworks */ = {isa = PBXBuildFile; fileRef = B91F0BEF2059175100072529 /* VideoPreviewer.framework */; settings = {ATTRIBUTES = (CodeSignOnCopy, RemoveHeadersOnCopy, ); }; };
		B91F0BF9205ADD1300072529 /* tableIcon .png in Resources */ = {isa = PBXBuildFile; fileRef = B91F0BF8205ADD1300072529 /* tableIcon .png */; };
		B91F0BFB205ADD1B00072529 /* mapIcon .png in Resources */ = {isa = PBXBuildFile; fileRef = B91F0BFA205ADD1B00072529 /* mapIcon .png */; };
		B91F0C042061718A00072529 /* settings.png in Resources */ = {isa = PBXBuildFile; fileRef = B91F0C032061718A00072529 /* settings.png */; };
		B91F0C0620628C5400072529 /* MainViewController.swift in Sources */ = {isa = PBXBuildFile; fileRef = B91F0C0520628C5400072529 /* MainViewController.swift */; };
		B91F0C082062920100072529 /* arrow.png in Resources */ = {isa = PBXBuildFile; fileRef = B91F0C07206291FF00072529 /* arrow.png */; };
		B91F0C0A20629ED300072529 /* FlightViewController.swift in Sources */ = {isa = PBXBuildFile; fileRef = B91F0C0920629ED300072529 /* FlightViewController.swift */; };
		B91F0C0E2063F06E00072529 /* FlightRoute.swift in Sources */ = {isa = PBXBuildFile; fileRef = B91F0C0D2063F06E00072529 /* FlightRoute.swift */; };
		B91F0C1020667D4000072529 /* MyPickerView.swift in Sources */ = {isa = PBXBuildFile; fileRef = B91F0C0F20667D4000072529 /* MyPickerView.swift */; };
		B91F0C12206941B300072529 /* ProductCommunicationManager.swift in Sources */ = {isa = PBXBuildFile; fileRef = B91F0C11206941B200072529 /* ProductCommunicationManager.swift */; };
		B9B1B7492046DCF900AD008B /* PageViewController.swift in Sources */ = {isa = PBXBuildFile; fileRef = B9B1B7482046DCF900AD008B /* PageViewController.swift */; };
		B9B1B768204FD32600AD008B /* MapKit.framework in Frameworks */ = {isa = PBXBuildFile; fileRef = B9B1B767204FD32600AD008B /* MapKit.framework */; };
		B9B1B76A204FD34200AD008B /* ExternalAccessory.framework in Frameworks */ = {isa = PBXBuildFile; fileRef = B9B1B769204FD34200AD008B /* ExternalAccessory.framework */; };
		B9B1B77A2051723900AD008B /* InFlightViewController.swift in Sources */ = {isa = PBXBuildFile; fileRef = B9B1B7792051723900AD008B /* InFlightViewController.swift */; };
		B9B1B7862051883100AD008B /* MessurementViewController.swift in Sources */ = {isa = PBXBuildFile; fileRef = B9B1B7852051883100AD008B /* MessurementViewController.swift */; };
		B9BE5190203338E4006DE0A8 /* AppDelegate.swift in Sources */ = {isa = PBXBuildFile; fileRef = B9BE518F203338E4006DE0A8 /* AppDelegate.swift */; };
		B9BE5195203338E4006DE0A8 /* Main.storyboard in Resources */ = {isa = PBXBuildFile; fileRef = B9BE5193203338E4006DE0A8 /* Main.storyboard */; };
		B9BE5197203338E5006DE0A8 /* Assets.xcassets in Resources */ = {isa = PBXBuildFile; fileRef = B9BE5196203338E5006DE0A8 /* Assets.xcassets */; };
		B9BE519A203338E5006DE0A8 /* LaunchScreen.storyboard in Resources */ = {isa = PBXBuildFile; fileRef = B9BE5198203338E5006DE0A8 /* LaunchScreen.storyboard */; };
		B9BE51A5203338E5006DE0A8 /* AirQualityDroneTests.swift in Sources */ = {isa = PBXBuildFile; fileRef = B9BE51A4203338E5006DE0A8 /* AirQualityDroneTests.swift */; };
		B9BE51B0203338E5006DE0A8 /* AirQualityDroneUITests.swift in Sources */ = {isa = PBXBuildFile; fileRef = B9BE51AF203338E5006DE0A8 /* AirQualityDroneUITests.swift */; };
/* End PBXBuildFile section */

/* Begin PBXContainerItemProxy section */
		B91F0BEE2059175100072529 /* PBXContainerItemProxy */ = {
			isa = PBXContainerItemProxy;
			containerPortal = B91F0BEA2059175100072529 /* VideoPreviewer.xcodeproj */;
			proxyType = 2;
			remoteGlobalIDString = 02A543FD1C3C51CB0083C11B;
			remoteInfo = VideoPreviewer;
		};
		B91F0BF22059175E00072529 /* PBXContainerItemProxy */ = {
			isa = PBXContainerItemProxy;
			containerPortal = B91F0BEA2059175100072529 /* VideoPreviewer.xcodeproj */;
			proxyType = 1;
			remoteGlobalIDString = 02A543FC1C3C51CB0083C11B;
			remoteInfo = VideoPreviewer;
		};
		B9BE51A1203338E5006DE0A8 /* PBXContainerItemProxy */ = {
			isa = PBXContainerItemProxy;
			containerPortal = B9BE5184203338E4006DE0A8 /* Project object */;
			proxyType = 1;
			remoteGlobalIDString = B9BE518B203338E4006DE0A8;
			remoteInfo = AirQualityDrone;
		};
		B9BE51AC203338E5006DE0A8 /* PBXContainerItemProxy */ = {
			isa = PBXContainerItemProxy;
			containerPortal = B9BE5184203338E4006DE0A8 /* Project object */;
			proxyType = 1;
			remoteGlobalIDString = B9BE518B203338E4006DE0A8;
			remoteInfo = AirQualityDrone;
		};
/* End PBXContainerItemProxy section */

/* Begin PBXCopyFilesBuildPhase section */
		B91F0BE92059168B00072529 /* Embed Frameworks */ = {
			isa = PBXCopyFilesBuildPhase;
			buildActionMask = 2147483647;
			dstPath = "";
			dstSubfolderSpec = 10;
			files = (
				B91F0BF12059175E00072529 /* VideoPreviewer.framework in Embed Frameworks */,
			);
			name = "Embed Frameworks";
			runOnlyForDeploymentPostprocessing = 0;
		};
/* End PBXCopyFilesBuildPhase section */

/* Begin PBXFileReference section */
		3FEAD793EB2B33325529769E /* Pods-AirQualityDrone.release.xcconfig */ = {isa = PBXFileReference; includeInIndex = 1; lastKnownFileType = text.xcconfig; name = "Pods-AirQualityDrone.release.xcconfig"; path = "Pods/Target Support Files/Pods-AirQualityDrone/Pods-AirQualityDrone.release.xcconfig"; sourceTree = "<group>"; };
		7C5E745A84E5D15984C20C80 /* libPods-AirQualityDrone.a */ = {isa = PBXFileReference; explicitFileType = archive.ar; includeInIndex = 0; path = "libPods-AirQualityDrone.a"; sourceTree = BUILT_PRODUCTS_DIR; };
		B91F0ACA2056897B00072529 /* Info.plist */ = {isa = PBXFileReference; fileEncoding = 4; lastKnownFileType = text.plist.xml; path = Info.plist; sourceTree = "<group>"; };
		B91F0BEA2059175100072529 /* VideoPreviewer.xcodeproj */ = {isa = PBXFileReference; lastKnownFileType = "wrapper.pb-project"; path = VideoPreviewer.xcodeproj; sourceTree = "<group>"; };
		B91F0BF8205ADD1300072529 /* tableIcon .png */ = {isa = PBXFileReference; lastKnownFileType = image.png; path = "tableIcon .png"; sourceTree = "<group>"; };
		B91F0BFA205ADD1B00072529 /* mapIcon .png */ = {isa = PBXFileReference; lastKnownFileType = image.png; path = "mapIcon .png"; sourceTree = "<group>"; };
		B91F0C032061718A00072529 /* settings.png */ = {isa = PBXFileReference; lastKnownFileType = image.png; path = settings.png; sourceTree = "<group>"; };
		B91F0C0520628C5400072529 /* MainViewController.swift */ = {isa = PBXFileReference; lastKnownFileType = sourcecode.swift; path = MainViewController.swift; sourceTree = "<group>"; };
		B91F0C07206291FF00072529 /* arrow.png */ = {isa = PBXFileReference; lastKnownFileType = image.png; path = arrow.png; sourceTree = "<group>"; };
		B91F0C0920629ED300072529 /* FlightViewController.swift */ = {isa = PBXFileReference; lastKnownFileType = sourcecode.swift; path = FlightViewController.swift; sourceTree = "<group>"; };
		B91F0C0D2063F06E00072529 /* FlightRoute.swift */ = {isa = PBXFileReference; lastKnownFileType = sourcecode.swift; path = FlightRoute.swift; sourceTree = "<group>"; };
		B91F0C0F20667D4000072529 /* MyPickerView.swift */ = {isa = PBXFileReference; lastKnownFileType = sourcecode.swift; path = MyPickerView.swift; sourceTree = "<group>"; };
		B91F0C11206941B200072529 /* ProductCommunicationManager.swift */ = {isa = PBXFileReference; fileEncoding = 4; lastKnownFileType = sourcecode.swift; name = ProductCommunicationManager.swift; path = Service/ProductCommunicationManager.swift; sourceTree = "<group>"; };
		B9B1B7482046DCF900AD008B /* PageViewController.swift */ = {isa = PBXFileReference; lastKnownFileType = sourcecode.swift; path = PageViewController.swift; sourceTree = "<group>"; };
		B9B1B767204FD32600AD008B /* MapKit.framework */ = {isa = PBXFileReference; lastKnownFileType = wrapper.framework; name = MapKit.framework; path = System/Library/Frameworks/MapKit.framework; sourceTree = SDKROOT; };
		B9B1B769204FD34200AD008B /* ExternalAccessory.framework */ = {isa = PBXFileReference; lastKnownFileType = wrapper.framework; name = ExternalAccessory.framework; path = System/Library/Frameworks/ExternalAccessory.framework; sourceTree = SDKROOT; };
		B9B1B76B204FD34200AD008B /* AirQualityDrone.entitlements */ = {isa = PBXFileReference; lastKnownFileType = text.plist.entitlements; path = AirQualityDrone.entitlements; sourceTree = "<group>"; };
		B9B1B7792051723900AD008B /* InFlightViewController.swift */ = {isa = PBXFileReference; lastKnownFileType = sourcecode.swift; path = InFlightViewController.swift; sourceTree = "<group>"; };
		B9B1B7852051883100AD008B /* MessurementViewController.swift */ = {isa = PBXFileReference; lastKnownFileType = sourcecode.swift; path = MessurementViewController.swift; sourceTree = "<group>"; };
		B9BE518C203338E4006DE0A8 /* AirQualityDrone.app */ = {isa = PBXFileReference; explicitFileType = wrapper.application; includeInIndex = 0; path = AirQualityDrone.app; sourceTree = BUILT_PRODUCTS_DIR; };
		B9BE518F203338E4006DE0A8 /* AppDelegate.swift */ = {isa = PBXFileReference; lastKnownFileType = sourcecode.swift; path = AppDelegate.swift; sourceTree = "<group>"; };
		B9BE5194203338E4006DE0A8 /* Base */ = {isa = PBXFileReference; lastKnownFileType = file.storyboard; name = Base; path = Base.lproj/Main.storyboard; sourceTree = "<group>"; };
		B9BE5196203338E5006DE0A8 /* Assets.xcassets */ = {isa = PBXFileReference; lastKnownFileType = folder.assetcatalog; path = Assets.xcassets; sourceTree = "<group>"; };
		B9BE5199203338E5006DE0A8 /* Base */ = {isa = PBXFileReference; lastKnownFileType = file.storyboard; name = Base; path = Base.lproj/LaunchScreen.storyboard; sourceTree = "<group>"; };
		B9BE51A0203338E5006DE0A8 /* AirQualityDroneTests.xctest */ = {isa = PBXFileReference; explicitFileType = wrapper.cfbundle; includeInIndex = 0; path = AirQualityDroneTests.xctest; sourceTree = BUILT_PRODUCTS_DIR; };
		B9BE51A4203338E5006DE0A8 /* AirQualityDroneTests.swift */ = {isa = PBXFileReference; lastKnownFileType = sourcecode.swift; path = AirQualityDroneTests.swift; sourceTree = "<group>"; };
		B9BE51A6203338E5006DE0A8 /* Info.plist */ = {isa = PBXFileReference; lastKnownFileType = text.plist.xml; path = Info.plist; sourceTree = "<group>"; };
		B9BE51AB203338E5006DE0A8 /* AirQualityDroneUITests.xctest */ = {isa = PBXFileReference; explicitFileType = wrapper.cfbundle; includeInIndex = 0; path = AirQualityDroneUITests.xctest; sourceTree = BUILT_PRODUCTS_DIR; };
		B9BE51AF203338E5006DE0A8 /* AirQualityDroneUITests.swift */ = {isa = PBXFileReference; lastKnownFileType = sourcecode.swift; path = AirQualityDroneUITests.swift; sourceTree = "<group>"; };
		B9BE51B1203338E5006DE0A8 /* Info.plist */ = {isa = PBXFileReference; lastKnownFileType = text.plist.xml; path = Info.plist; sourceTree = "<group>"; };
		BE0BBE81CAB95EE572A58DE1 /* Pods-AirQualityDrone.debug.xcconfig */ = {isa = PBXFileReference; includeInIndex = 1; lastKnownFileType = text.xcconfig; name = "Pods-AirQualityDrone.debug.xcconfig"; path = "Pods/Target Support Files/Pods-AirQualityDrone/Pods-AirQualityDrone.debug.xcconfig"; sourceTree = "<group>"; };
/* End PBXFileReference section */

/* Begin PBXFrameworksBuildPhase section */
		B9BE5189203338E4006DE0A8 /* Frameworks */ = {
			isa = PBXFrameworksBuildPhase;
			buildActionMask = 2147483647;
			files = (
				B91F0BF02059175E00072529 /* VideoPreviewer.framework in Frameworks */,
				B9B1B768204FD32600AD008B /* MapKit.framework in Frameworks */,
				B9B1B76A204FD34200AD008B /* ExternalAccessory.framework in Frameworks */,
				801BA0D1C1D54920256026DC /* libPods-AirQualityDrone.a in Frameworks */,
			);
			runOnlyForDeploymentPostprocessing = 0;
		};
		B9BE519D203338E5006DE0A8 /* Frameworks */ = {
			isa = PBXFrameworksBuildPhase;
			buildActionMask = 2147483647;
			files = (
			);
			runOnlyForDeploymentPostprocessing = 0;
		};
		B9BE51A8203338E5006DE0A8 /* Frameworks */ = {
			isa = PBXFrameworksBuildPhase;
			buildActionMask = 2147483647;
			files = (
			);
			runOnlyForDeploymentPostprocessing = 0;
		};
/* End PBXFrameworksBuildPhase section */

/* Begin PBXGroup section */
		0793705E038BC95B90233781 /* Pods */ = {
			isa = PBXGroup;
			children = (
				BE0BBE81CAB95EE572A58DE1 /* Pods-AirQualityDrone.debug.xcconfig */,
				3FEAD793EB2B33325529769E /* Pods-AirQualityDrone.release.xcconfig */,
			);
			name = Pods;
			sourceTree = "<group>";
		};
		B91F0BEB2059175100072529 /* Products */ = {
			isa = PBXGroup;
			children = (
				B91F0BEF2059175100072529 /* VideoPreviewer.framework */,
			);
			name = Products;
			sourceTree = "<group>";
		};
		B91F0BF7205ADB7900072529 /* Pictures */ = {
			isa = PBXGroup;
			children = (
				B91F0C07206291FF00072529 /* arrow.png */,
				B91F0C032061718A00072529 /* settings.png */,
				B91F0BFA205ADD1B00072529 /* mapIcon .png */,
				B91F0BF8205ADD1300072529 /* tableIcon .png */,
			);
			path = Pictures;
			sourceTree = "<group>";
		};
		B91F0C0220615F5000072529 /* Service */ = {
			isa = PBXGroup;
			children = (
			);
			path = Service;
			sourceTree = "<group>";
		};
		B9B1B74C204EEE6400AD008B /* Views */ = {
			isa = PBXGroup;
			children = (
				B9BE5193203338E4006DE0A8 /* Main.storyboard */,
			);
			path = Views;
			sourceTree = "<group>";
		};
		B9B1B74E204EEE8C00AD008B /* Controller */ = {
			isa = PBXGroup;
			children = (
				B9B1B7482046DCF900AD008B /* PageViewController.swift */,
				B9B1B7792051723900AD008B /* InFlightViewController.swift */,
				B9B1B7852051883100AD008B /* MessurementViewController.swift */,
				B91F0C0520628C5400072529 /* MainViewController.swift */,
				B91F0C0920629ED300072529 /* FlightViewController.swift */,
			);
			path = Controller;
			sourceTree = "<group>";
		};
		B9B1B750204EEEA600AD008B /* Models */ = {
			isa = PBXGroup;
			children = (
				B91F0C0D2063F06E00072529 /* FlightRoute.swift */,
				B91F0C0F20667D4000072529 /* MyPickerView.swift */,
			);
			path = Models;
			sourceTree = "<group>";
		};
		B9BE5183203338E4006DE0A8 = {
			isa = PBXGroup;
			children = (
				B9BE518E203338E4006DE0A8 /* AirQualityDrone */,
				B9BE51A3203338E5006DE0A8 /* AirQualityDroneTests */,
				B9BE51AE203338E5006DE0A8 /* AirQualityDroneUITests */,
				B9BE518D203338E4006DE0A8 /* Products */,
				0793705E038BC95B90233781 /* Pods */,
				D49AD7EAD137A3FF1431146B /* Frameworks */,
			);
			sourceTree = "<group>";
		};
		B9BE518D203338E4006DE0A8 /* Products */ = {
			isa = PBXGroup;
			children = (
				B9BE518C203338E4006DE0A8 /* AirQualityDrone.app */,
				B9BE51A0203338E5006DE0A8 /* AirQualityDroneTests.xctest */,
				B9BE51AB203338E5006DE0A8 /* AirQualityDroneUITests.xctest */,
			);
			name = Products;
			sourceTree = "<group>";
		};
		B9BE518E203338E4006DE0A8 /* AirQualityDrone */ = {
			isa = PBXGroup;
			children = (
				B9B1B76B204FD34200AD008B /* AirQualityDrone.entitlements */,
				B9BE518F203338E4006DE0A8 /* AppDelegate.swift */,
				B91F0C0220615F5000072529 /* Service */,
				B91F0C11206941B200072529 /* ProductCommunicationManager.swift */,
				B9B1B750204EEEA600AD008B /* Models */,
				B9B1B74E204EEE8C00AD008B /* Controller */,
				B9B1B74C204EEE6400AD008B /* Views */,
				B9BE5196203338E5006DE0A8 /* Assets.xcassets */,
				B91F0ACA2056897B00072529 /* Info.plist */,
				B91F0BF7205ADB7900072529 /* Pictures */,
				B9BE5198203338E5006DE0A8 /* LaunchScreen.storyboard */,
			);
			path = AirQualityDrone;
			sourceTree = "<group>";
		};
		B9BE51A3203338E5006DE0A8 /* AirQualityDroneTests */ = {
			isa = PBXGroup;
			children = (
				B9BE51A4203338E5006DE0A8 /* AirQualityDroneTests.swift */,
				B9BE51A6203338E5006DE0A8 /* Info.plist */,
			);
			path = AirQualityDroneTests;
			sourceTree = "<group>";
		};
		B9BE51AE203338E5006DE0A8 /* AirQualityDroneUITests */ = {
			isa = PBXGroup;
			children = (
				B9BE51AF203338E5006DE0A8 /* AirQualityDroneUITests.swift */,
				B9BE51B1203338E5006DE0A8 /* Info.plist */,
			);
			path = AirQualityDroneUITests;
			sourceTree = "<group>";
		};
		D49AD7EAD137A3FF1431146B /* Frameworks */ = {
			isa = PBXGroup;
			children = (
				B91F0BEA2059175100072529 /* VideoPreviewer.xcodeproj */,
				B9B1B769204FD34200AD008B /* ExternalAccessory.framework */,
				B9B1B767204FD32600AD008B /* MapKit.framework */,
				7C5E745A84E5D15984C20C80 /* libPods-AirQualityDrone.a */,
			);
			name = Frameworks;
			sourceTree = "<group>";
		};
/* End PBXGroup section */

/* Begin PBXNativeTarget section */
		B9BE518B203338E4006DE0A8 /* AirQualityDrone */ = {
			isa = PBXNativeTarget;
			buildConfigurationList = B9BE51B4203338E5006DE0A8 /* Build configuration list for PBXNativeTarget "AirQualityDrone" */;
			buildPhases = (
				4EC61682E622D5483F6967D5 /* [CP] Check Pods Manifest.lock */,
				B9BE5188203338E4006DE0A8 /* Sources */,
				B9BE5189203338E4006DE0A8 /* Frameworks */,
				B9BE518A203338E4006DE0A8 /* Resources */,
				71F780E248139D037648E401 /* [CP] Embed Pods Frameworks */,
				6B3B90309B3AD3D9CB504C4E /* [CP] Copy Pods Resources */,
				B91F0BE92059168B00072529 /* Embed Frameworks */,
			);
			buildRules = (
			);
			dependencies = (
				B91F0BF32059175E00072529 /* PBXTargetDependency */,
			);
			name = AirQualityDrone;
			productName = AirQualityDrone;
			productReference = B9BE518C203338E4006DE0A8 /* AirQualityDrone.app */;
			productType = "com.apple.product-type.application";
		};
		B9BE519F203338E5006DE0A8 /* AirQualityDroneTests */ = {
			isa = PBXNativeTarget;
			buildConfigurationList = B9BE51B7203338E5006DE0A8 /* Build configuration list for PBXNativeTarget "AirQualityDroneTests" */;
			buildPhases = (
				B9BE519C203338E5006DE0A8 /* Sources */,
				B9BE519D203338E5006DE0A8 /* Frameworks */,
				B9BE519E203338E5006DE0A8 /* Resources */,
			);
			buildRules = (
			);
			dependencies = (
				B9BE51A2203338E5006DE0A8 /* PBXTargetDependency */,
			);
			name = AirQualityDroneTests;
			productName = AirQualityDroneTests;
			productReference = B9BE51A0203338E5006DE0A8 /* AirQualityDroneTests.xctest */;
			productType = "com.apple.product-type.bundle.unit-test";
		};
		B9BE51AA203338E5006DE0A8 /* AirQualityDroneUITests */ = {
			isa = PBXNativeTarget;
			buildConfigurationList = B9BE51BA203338E5006DE0A8 /* Build configuration list for PBXNativeTarget "AirQualityDroneUITests" */;
			buildPhases = (
				B9BE51A7203338E5006DE0A8 /* Sources */,
				B9BE51A8203338E5006DE0A8 /* Frameworks */,
				B9BE51A9203338E5006DE0A8 /* Resources */,
			);
			buildRules = (
			);
			dependencies = (
				B9BE51AD203338E5006DE0A8 /* PBXTargetDependency */,
			);
			name = AirQualityDroneUITests;
			productName = AirQualityDroneUITests;
			productReference = B9BE51AB203338E5006DE0A8 /* AirQualityDroneUITests.xctest */;
			productType = "com.apple.product-type.bundle.ui-testing";
		};
/* End PBXNativeTarget section */

/* Begin PBXProject section */
		B9BE5184203338E4006DE0A8 /* Project object */ = {
			isa = PBXProject;
			attributes = {
				LastSwiftUpdateCheck = 0920;
				LastUpgradeCheck = 0920;
				ORGANIZATIONNAME = DHBW_Stuttgart;
				TargetAttributes = {
					B9BE518B203338E4006DE0A8 = {
						CreatedOnToolsVersion = 9.2;
						ProvisioningStyle = Automatic;
						SystemCapabilities = {
							com.apple.Maps.iOS = {
								enabled = 1;
							};
							com.apple.WAC = {
								enabled = 1;
							};
						};
					};
					B9BE519F203338E5006DE0A8 = {
						CreatedOnToolsVersion = 9.2;
						ProvisioningStyle = Automatic;
						TestTargetID = B9BE518B203338E4006DE0A8;
					};
					B9BE51AA203338E5006DE0A8 = {
						CreatedOnToolsVersion = 9.2;
						ProvisioningStyle = Automatic;
						TestTargetID = B9BE518B203338E4006DE0A8;
					};
				};
			};
			buildConfigurationList = B9BE5187203338E4006DE0A8 /* Build configuration list for PBXProject "AirQualityDrone" */;
			compatibilityVersion = "Xcode 8.0";
			developmentRegion = en;
			hasScannedForEncodings = 0;
			knownRegions = (
				en,
				Base,
			);
			mainGroup = B9BE5183203338E4006DE0A8;
			productRefGroup = B9BE518D203338E4006DE0A8 /* Products */;
			projectDirPath = "";
			projectReferences = (
				{
					ProductGroup = B91F0BEB2059175100072529 /* Products */;
					ProjectRef = B91F0BEA2059175100072529 /* VideoPreviewer.xcodeproj */;
				},
			);
			projectRoot = "";
			targets = (
				B9BE518B203338E4006DE0A8 /* AirQualityDrone */,
				B9BE519F203338E5006DE0A8 /* AirQualityDroneTests */,
				B9BE51AA203338E5006DE0A8 /* AirQualityDroneUITests */,
			);
		};
/* End PBXProject section */

/* Begin PBXReferenceProxy section */
		B91F0BEF2059175100072529 /* VideoPreviewer.framework */ = {
			isa = PBXReferenceProxy;
			fileType = wrapper.framework;
			path = VideoPreviewer.framework;
			remoteRef = B91F0BEE2059175100072529 /* PBXContainerItemProxy */;
			sourceTree = BUILT_PRODUCTS_DIR;
		};
/* End PBXReferenceProxy section */

/* Begin PBXResourcesBuildPhase section */
		B9BE518A203338E4006DE0A8 /* Resources */ = {
			isa = PBXResourcesBuildPhase;
			buildActionMask = 2147483647;
			files = (
				B91F0BDD20590D8500072529 /* Info.plist in Resources */,
				B91F0C042061718A00072529 /* settings.png in Resources */,
				B9BE519A203338E5006DE0A8 /* LaunchScreen.storyboard in Resources */,
				B9BE5197203338E5006DE0A8 /* Assets.xcassets in Resources */,
				B9BE5195203338E4006DE0A8 /* Main.storyboard in Resources */,
				B91F0BFB205ADD1B00072529 /* mapIcon .png in Resources */,
				B91F0BF9205ADD1300072529 /* tableIcon .png in Resources */,
				B91F0C082062920100072529 /* arrow.png in Resources */,
			);
			runOnlyForDeploymentPostprocessing = 0;
		};
		B9BE519E203338E5006DE0A8 /* Resources */ = {
			isa = PBXResourcesBuildPhase;
			buildActionMask = 2147483647;
			files = (
			);
			runOnlyForDeploymentPostprocessing = 0;
		};
		B9BE51A9203338E5006DE0A8 /* Resources */ = {
			isa = PBXResourcesBuildPhase;
			buildActionMask = 2147483647;
			files = (
			);
			runOnlyForDeploymentPostprocessing = 0;
		};
/* End PBXResourcesBuildPhase section */

/* Begin PBXShellScriptBuildPhase section */
		4EC61682E622D5483F6967D5 /* [CP] Check Pods Manifest.lock */ = {
			isa = PBXShellScriptBuildPhase;
			buildActionMask = 2147483647;
			files = (
			);
			inputPaths = (
				"${PODS_PODFILE_DIR_PATH}/Podfile.lock",
				"${PODS_ROOT}/Manifest.lock",
			);
			name = "[CP] Check Pods Manifest.lock";
			outputPaths = (
				"$(DERIVED_FILE_DIR)/Pods-AirQualityDrone-checkManifestLockResult.txt",
			);
			runOnlyForDeploymentPostprocessing = 0;
			shellPath = /bin/sh;
			shellScript = "diff \"${PODS_PODFILE_DIR_PATH}/Podfile.lock\" \"${PODS_ROOT}/Manifest.lock\" > /dev/null\nif [ $? != 0 ] ; then\n    # print error to STDERR\n    echo \"error: The sandbox is not in sync with the Podfile.lock. Run 'pod install' or update your CocoaPods installation.\" >&2\n    exit 1\nfi\n# This output is used by Xcode 'outputs' to avoid re-running this script phase.\necho \"SUCCESS\" > \"${SCRIPT_OUTPUT_FILE_0}\"\n";
			showEnvVarsInLog = 0;
		};
		6B3B90309B3AD3D9CB504C4E /* [CP] Copy Pods Resources */ = {
			isa = PBXShellScriptBuildPhase;
			buildActionMask = 2147483647;
			files = (
			);
			inputPaths = (
			);
			name = "[CP] Copy Pods Resources";
			outputPaths = (
			);
			runOnlyForDeploymentPostprocessing = 0;
			shellPath = /bin/sh;
			shellScript = "\"${SRCROOT}/Pods/Target Support Files/Pods-AirQualityDrone/Pods-AirQualityDrone-resources.sh\"\n";
			showEnvVarsInLog = 0;
		};
		71F780E248139D037648E401 /* [CP] Embed Pods Frameworks */ = {
			isa = PBXShellScriptBuildPhase;
			buildActionMask = 2147483647;
			files = (
			);
			inputPaths = (
				"${SRCROOT}/Pods/Target Support Files/Pods-AirQualityDrone/Pods-AirQualityDrone-frameworks.sh",
				"${PODS_ROOT}/DJI-SDK-iOS/iOS_Mobile_SDK/DJISDK.framework",
				"${PODS_ROOT}/DJI-UILibrary-iOS/iOS_UILibrary/DJIUILibrary.framework",
			);
			name = "[CP] Embed Pods Frameworks";
			outputPaths = (
				"${TARGET_BUILD_DIR}/${FRAMEWORKS_FOLDER_PATH}/DJISDK.framework",
				"${TARGET_BUILD_DIR}/${FRAMEWORKS_FOLDER_PATH}/DJIUILibrary.framework",
			);
			runOnlyForDeploymentPostprocessing = 0;
			shellPath = /bin/sh;
			shellScript = "\"${SRCROOT}/Pods/Target Support Files/Pods-AirQualityDrone/Pods-AirQualityDrone-frameworks.sh\"\n";
			showEnvVarsInLog = 0;
		};
/* End PBXShellScriptBuildPhase section */

/* Begin PBXSourcesBuildPhase section */
		B9BE5188203338E4006DE0A8 /* Sources */ = {
			isa = PBXSourcesBuildPhase;
			buildActionMask = 2147483647;
			files = (
				B9B1B7492046DCF900AD008B /* PageViewController.swift in Sources */,
				B91F0C0A20629ED300072529 /* FlightViewController.swift in Sources */,
				B9BE5190203338E4006DE0A8 /* AppDelegate.swift in Sources */,
				B9B1B77A2051723900AD008B /* InFlightViewController.swift in Sources */,
				B91F0C1020667D4000072529 /* MyPickerView.swift in Sources */,
				B91F0C0620628C5400072529 /* MainViewController.swift in Sources */,
				B91F0C12206941B300072529 /* ProductCommunicationManager.swift in Sources */,
				B9B1B7862051883100AD008B /* MessurementViewController.swift in Sources */,
				B91F0C0E2063F06E00072529 /* FlightRoute.swift in Sources */,
			);
			runOnlyForDeploymentPostprocessing = 0;
		};
		B9BE519C203338E5006DE0A8 /* Sources */ = {
			isa = PBXSourcesBuildPhase;
			buildActionMask = 2147483647;
			files = (
				B9BE51A5203338E5006DE0A8 /* AirQualityDroneTests.swift in Sources */,
			);
			runOnlyForDeploymentPostprocessing = 0;
		};
		B9BE51A7203338E5006DE0A8 /* Sources */ = {
			isa = PBXSourcesBuildPhase;
			buildActionMask = 2147483647;
			files = (
				B9BE51B0203338E5006DE0A8 /* AirQualityDroneUITests.swift in Sources */,
			);
			runOnlyForDeploymentPostprocessing = 0;
		};
/* End PBXSourcesBuildPhase section */

/* Begin PBXTargetDependency section */
		B91F0BF32059175E00072529 /* PBXTargetDependency */ = {
			isa = PBXTargetDependency;
			name = VideoPreviewer;
			targetProxy = B91F0BF22059175E00072529 /* PBXContainerItemProxy */;
		};
		B9BE51A2203338E5006DE0A8 /* PBXTargetDependency */ = {
			isa = PBXTargetDependency;
			target = B9BE518B203338E4006DE0A8 /* AirQualityDrone */;
			targetProxy = B9BE51A1203338E5006DE0A8 /* PBXContainerItemProxy */;
		};
		B9BE51AD203338E5006DE0A8 /* PBXTargetDependency */ = {
			isa = PBXTargetDependency;
			target = B9BE518B203338E4006DE0A8 /* AirQualityDrone */;
			targetProxy = B9BE51AC203338E5006DE0A8 /* PBXContainerItemProxy */;
		};
/* End PBXTargetDependency section */

/* Begin PBXVariantGroup section */
		B9BE5193203338E4006DE0A8 /* Main.storyboard */ = {
			isa = PBXVariantGroup;
			children = (
				B9BE5194203338E4006DE0A8 /* Base */,
			);
			name = Main.storyboard;
			sourceTree = "<group>";
		};
		B9BE5198203338E5006DE0A8 /* LaunchScreen.storyboard */ = {
			isa = PBXVariantGroup;
			children = (
				B9BE5199203338E5006DE0A8 /* Base */,
			);
			name = LaunchScreen.storyboard;
			sourceTree = "<group>";
		};
/* End PBXVariantGroup section */

/* Begin XCBuildConfiguration section */
		B9BE51B2203338E5006DE0A8 /* Debug */ = {
			isa = XCBuildConfiguration;
			buildSettings = {
				ALWAYS_SEARCH_USER_PATHS = NO;
				CLANG_ANALYZER_NONNULL = YES;
				CLANG_ANALYZER_NUMBER_OBJECT_CONVERSION = YES_AGGRESSIVE;
				CLANG_CXX_LANGUAGE_STANDARD = "gnu++14";
				CLANG_CXX_LIBRARY = "libc++";
				CLANG_ENABLE_MODULES = YES;
				CLANG_ENABLE_OBJC_ARC = YES;
				CLANG_WARN_BLOCK_CAPTURE_AUTORELEASING = YES;
				CLANG_WARN_BOOL_CONVERSION = YES;
				CLANG_WARN_COMMA = YES;
				CLANG_WARN_CONSTANT_CONVERSION = YES;
				CLANG_WARN_DIRECT_OBJC_ISA_USAGE = YES_ERROR;
				CLANG_WARN_DOCUMENTATION_COMMENTS = YES;
				CLANG_WARN_EMPTY_BODY = YES;
				CLANG_WARN_ENUM_CONVERSION = YES;
				CLANG_WARN_INFINITE_RECURSION = YES;
				CLANG_WARN_INT_CONVERSION = YES;
				CLANG_WARN_NON_LITERAL_NULL_CONVERSION = YES;
				CLANG_WARN_OBJC_LITERAL_CONVERSION = YES;
				CLANG_WARN_OBJC_ROOT_CLASS = YES_ERROR;
				CLANG_WARN_RANGE_LOOP_ANALYSIS = YES;
				CLANG_WARN_STRICT_PROTOTYPES = YES;
				CLANG_WARN_SUSPICIOUS_MOVE = YES;
				CLANG_WARN_UNGUARDED_AVAILABILITY = YES_AGGRESSIVE;
				CLANG_WARN_UNREACHABLE_CODE = YES;
				CLANG_WARN__DUPLICATE_METHOD_MATCH = YES;
				CODE_SIGN_IDENTITY = "iPhone Developer";
				COPY_PHASE_STRIP = NO;
				DEBUG_INFORMATION_FORMAT = dwarf;
				ENABLE_BITCODE = YES;
				ENABLE_STRICT_OBJC_MSGSEND = YES;
				ENABLE_TESTABILITY = YES;
				GCC_C_LANGUAGE_STANDARD = gnu11;
				GCC_DYNAMIC_NO_PIC = NO;
				GCC_NO_COMMON_BLOCKS = YES;
				GCC_OPTIMIZATION_LEVEL = 0;
				GCC_PREPROCESSOR_DEFINITIONS = (
					"DEBUG=1",
					"$(inherited)",
				);
				GCC_WARN_64_TO_32_BIT_CONVERSION = YES;
				GCC_WARN_ABOUT_RETURN_TYPE = YES_ERROR;
				GCC_WARN_UNDECLARED_SELECTOR = YES;
				GCC_WARN_UNINITIALIZED_AUTOS = YES_AGGRESSIVE;
				GCC_WARN_UNUSED_FUNCTION = YES;
				GCC_WARN_UNUSED_VARIABLE = YES;
				IPHONEOS_DEPLOYMENT_TARGET = 11.2;
				MTL_ENABLE_DEBUG_INFO = YES;
				ONLY_ACTIVE_ARCH = YES;
				SDKROOT = iphoneos;
				SWIFT_ACTIVE_COMPILATION_CONDITIONS = DEBUG;
				SWIFT_OPTIMIZATION_LEVEL = "-Onone";
			};
			name = Debug;
		};
		B9BE51B3203338E5006DE0A8 /* Release */ = {
			isa = XCBuildConfiguration;
			buildSettings = {
				ALWAYS_SEARCH_USER_PATHS = NO;
				CLANG_ANALYZER_NONNULL = YES;
				CLANG_ANALYZER_NUMBER_OBJECT_CONVERSION = YES_AGGRESSIVE;
				CLANG_CXX_LANGUAGE_STANDARD = "gnu++14";
				CLANG_CXX_LIBRARY = "libc++";
				CLANG_ENABLE_MODULES = YES;
				CLANG_ENABLE_OBJC_ARC = YES;
				CLANG_WARN_BLOCK_CAPTURE_AUTORELEASING = YES;
				CLANG_WARN_BOOL_CONVERSION = YES;
				CLANG_WARN_COMMA = YES;
				CLANG_WARN_CONSTANT_CONVERSION = YES;
				CLANG_WARN_DIRECT_OBJC_ISA_USAGE = YES_ERROR;
				CLANG_WARN_DOCUMENTATION_COMMENTS = YES;
				CLANG_WARN_EMPTY_BODY = YES;
				CLANG_WARN_ENUM_CONVERSION = YES;
				CLANG_WARN_INFINITE_RECURSION = YES;
				CLANG_WARN_INT_CONVERSION = YES;
				CLANG_WARN_NON_LITERAL_NULL_CONVERSION = YES;
				CLANG_WARN_OBJC_LITERAL_CONVERSION = YES;
				CLANG_WARN_OBJC_ROOT_CLASS = YES_ERROR;
				CLANG_WARN_RANGE_LOOP_ANALYSIS = YES;
				CLANG_WARN_STRICT_PROTOTYPES = YES;
				CLANG_WARN_SUSPICIOUS_MOVE = YES;
				CLANG_WARN_UNGUARDED_AVAILABILITY = YES_AGGRESSIVE;
				CLANG_WARN_UNREACHABLE_CODE = YES;
				CLANG_WARN__DUPLICATE_METHOD_MATCH = YES;
				CODE_SIGN_IDENTITY = "iPhone Developer";
				COPY_PHASE_STRIP = NO;
				DEBUG_INFORMATION_FORMAT = "dwarf-with-dsym";
				ENABLE_BITCODE = YES;
				ENABLE_NS_ASSERTIONS = NO;
				ENABLE_STRICT_OBJC_MSGSEND = YES;
				GCC_C_LANGUAGE_STANDARD = gnu11;
				GCC_NO_COMMON_BLOCKS = YES;
				GCC_WARN_64_TO_32_BIT_CONVERSION = YES;
				GCC_WARN_ABOUT_RETURN_TYPE = YES_ERROR;
				GCC_WARN_UNDECLARED_SELECTOR = YES;
				GCC_WARN_UNINITIALIZED_AUTOS = YES_AGGRESSIVE;
				GCC_WARN_UNUSED_FUNCTION = YES;
				GCC_WARN_UNUSED_VARIABLE = YES;
				IPHONEOS_DEPLOYMENT_TARGET = 11.2;
				MTL_ENABLE_DEBUG_INFO = NO;
				SDKROOT = iphoneos;
				SWIFT_OPTIMIZATION_LEVEL = "-Owholemodule";
				VALIDATE_PRODUCT = YES;
			};
			name = Release;
		};
		B9BE51B5203338E5006DE0A8 /* Debug */ = {
			isa = XCBuildConfiguration;
			baseConfigurationReference = BE0BBE81CAB95EE572A58DE1 /* Pods-AirQualityDrone.debug.xcconfig */;
			buildSettings = {
				ASSETCATALOG_COMPILER_APPICON_NAME = AppIcon;
				CODE_SIGN_ENTITLEMENTS = AirQualityDrone/AirQualityDrone.entitlements;
				CODE_SIGN_STYLE = Automatic;
				COMPILER_INDEX_STORE_ENABLE = Default;
				DEVELOPMENT_TEAM = "";
				ENABLE_BITCODE = NO;
				HEADER_SEARCH_PATHS = "\"${PODS_ROOT}/Headers/Public\"";
				INFOPLIST_FILE = AirQualityDrone/Info.plist;
				LD_RUNPATH_SEARCH_PATHS = "$(inherited) @executable_path/Frameworks";
				PRODUCT_BUNDLE_IDENTIFIER = Studienarbeit.AirQualityDrone;
				PRODUCT_NAME = "$(TARGET_NAME)";
				SWIFT_VERSION = 4.0;
				TARGETED_DEVICE_FAMILY = "1,2";
			};
			name = Debug;
		};
		B9BE51B6203338E5006DE0A8 /* Release */ = {
			isa = XCBuildConfiguration;
			baseConfigurationReference = 3FEAD793EB2B33325529769E /* Pods-AirQualityDrone.release.xcconfig */;
			buildSettings = {
				ASSETCATALOG_COMPILER_APPICON_NAME = AppIcon;
				CODE_SIGN_ENTITLEMENTS = AirQualityDrone/AirQualityDrone.entitlements;
				CODE_SIGN_STYLE = Automatic;
				COMPILER_INDEX_STORE_ENABLE = Default;
				DEVELOPMENT_TEAM = "";
				ENABLE_BITCODE = NO;
				HEADER_SEARCH_PATHS = "\"${PODS_ROOT}/Headers/Public\"";
				INFOPLIST_FILE = AirQualityDrone/Info.plist;
				LD_RUNPATH_SEARCH_PATHS = "$(inherited) @executable_path/Frameworks";
				PRODUCT_BUNDLE_IDENTIFIER = Studienarbeit.AirQualityDrone;
				PRODUCT_NAME = "$(TARGET_NAME)";
				SWIFT_VERSION = 4.0;
				TARGETED_DEVICE_FAMILY = "1,2";
			};
			name = Release;
		};
		B9BE51B8203338E5006DE0A8 /* Debug */ = {
			isa = XCBuildConfiguration;
			buildSettings = {
				ALWAYS_EMBED_SWIFT_STANDARD_LIBRARIES = YES;
				BUNDLE_LOADER = "$(TEST_HOST)";
				CODE_SIGN_STYLE = Automatic;
				INFOPLIST_FILE = AirQualityDroneTests/Info.plist;
				LD_RUNPATH_SEARCH_PATHS = "$(inherited) @executable_path/Frameworks @loader_path/Frameworks";
				PRODUCT_BUNDLE_IDENTIFIER = Studienarbeit.AirQualityDroneTests;
				PRODUCT_NAME = "$(TARGET_NAME)";
				SWIFT_VERSION = 4.0;
				TARGETED_DEVICE_FAMILY = "1,2";
				TEST_HOST = "$(BUILT_PRODUCTS_DIR)/AirQualityDrone.app/AirQualityDrone";
			};
			name = Debug;
		};
		B9BE51B9203338E5006DE0A8 /* Release */ = {
			isa = XCBuildConfiguration;
			buildSettings = {
				ALWAYS_EMBED_SWIFT_STANDARD_LIBRARIES = YES;
				BUNDLE_LOADER = "$(TEST_HOST)";
				CODE_SIGN_STYLE = Automatic;
				INFOPLIST_FILE = AirQualityDroneTests/Info.plist;
				LD_RUNPATH_SEARCH_PATHS = "$(inherited) @executable_path/Frameworks @loader_path/Frameworks";
				PRODUCT_BUNDLE_IDENTIFIER = Studienarbeit.AirQualityDroneTests;
				PRODUCT_NAME = "$(TARGET_NAME)";
				SWIFT_VERSION = 4.0;
				TARGETED_DEVICE_FAMILY = "1,2";
				TEST_HOST = "$(BUILT_PRODUCTS_DIR)/AirQualityDrone.app/AirQualityDrone";
			};
			name = Release;
		};
		B9BE51BB203338E5006DE0A8 /* Debug */ = {
			isa = XCBuildConfiguration;
			buildSettings = {
				ALWAYS_EMBED_SWIFT_STANDARD_LIBRARIES = YES;
				CODE_SIGN_STYLE = Automatic;
				INFOPLIST_FILE = AirQualityDroneUITests/Info.plist;
				LD_RUNPATH_SEARCH_PATHS = "$(inherited) @executable_path/Frameworks @loader_path/Frameworks";
				PRODUCT_BUNDLE_IDENTIFIER = Studienarbeit.AirQualityDroneUITests;
				PRODUCT_NAME = "$(TARGET_NAME)";
				SWIFT_VERSION = 4.0;
				TARGETED_DEVICE_FAMILY = "1,2";
				TEST_TARGET_NAME = AirQualityDrone;
			};
			name = Debug;
		};
		B9BE51BC203338E5006DE0A8 /* Release */ = {
			isa = XCBuildConfiguration;
			buildSettings = {
				ALWAYS_EMBED_SWIFT_STANDARD_LIBRARIES = YES;
				CODE_SIGN_STYLE = Automatic;
				INFOPLIST_FILE = AirQualityDroneUITests/Info.plist;
				LD_RUNPATH_SEARCH_PATHS = "$(inherited) @executable_path/Frameworks @loader_path/Frameworks";
				PRODUCT_BUNDLE_IDENTIFIER = Studienarbeit.AirQualityDroneUITests;
				PRODUCT_NAME = "$(TARGET_NAME)";
				SWIFT_VERSION = 4.0;
				TARGETED_DEVICE_FAMILY = "1,2";
				TEST_TARGET_NAME = AirQualityDrone;
			};
			name = Release;
		};
/* End XCBuildConfiguration section */

/* Begin XCConfigurationList section */
		B9BE5187203338E4006DE0A8 /* Build configuration list for PBXProject "AirQualityDrone" */ = {
			isa = XCConfigurationList;
			buildConfigurations = (
				B9BE51B2203338E5006DE0A8 /* Debug */,
				B9BE51B3203338E5006DE0A8 /* Release */,
			);
			defaultConfigurationIsVisible = 0;
			defaultConfigurationName = Release;
		};
		B9BE51B4203338E5006DE0A8 /* Build configuration list for PBXNativeTarget "AirQualityDrone" */ = {
			isa = XCConfigurationList;
			buildConfigurations = (
				B9BE51B5203338E5006DE0A8 /* Debug */,
				B9BE51B6203338E5006DE0A8 /* Release */,
			);
			defaultConfigurationIsVisible = 0;
			defaultConfigurationName = Release;
		};
		B9BE51B7203338E5006DE0A8 /* Build configuration list for PBXNativeTarget "AirQualityDroneTests" */ = {
			isa = XCConfigurationList;
			buildConfigurations = (
				B9BE51B8203338E5006DE0A8 /* Debug */,
				B9BE51B9203338E5006DE0A8 /* Release */,
			);
			defaultConfigurationIsVisible = 0;
			defaultConfigurationName = Release;
		};
		B9BE51BA203338E5006DE0A8 /* Build configuration list for PBXNativeTarget "AirQualityDroneUITests" */ = {
			isa = XCConfigurationList;
			buildConfigurations = (
				B9BE51BB203338E5006DE0A8 /* Debug */,
				B9BE51BC203338E5006DE0A8 /* Release */,
			);
			defaultConfigurationIsVisible = 0;
			defaultConfigurationName = Release;
		};
/* End XCConfigurationList section */
	};
	rootObject = B9BE5184203338E4006DE0A8 /* Project object */;
}
